
Microsoft Visual Studio Solution File, Format Version 12.00
# Visual Studio 14
VisualStudioVersion = 14.0.25420.1
MinimumVisualStudioVersion = 10.0.40219.1
Project("{FAE04EC0-301F-11D3-BF4B-00C04F79EFBC}") = "RPAStudio", "RPAStudio\RPAStudio.csproj", "{F0E5495C-95E3-42F3-9553-43E6B492DA90}"
	ProjectSection(ProjectDependencies) = postProject
		{6879C801-1124-477A-97D8-0961E6D710B2} = {6879C801-1124-477A-97D8-0961E6D710B2}
		{75205F2D-1AD9-4700-9EAF-4113262C79EE} = {75205F2D-1AD9-4700-9EAF-4113262C79EE}
		{2CA0253E-687C-4B32-A64D-26FDCBB33AB2} = {2CA0253E-687C-4B32-A64D-26FDCBB33AB2}
		{F8C1E345-4973-447D-B5BE-4A2D7C25A742} = {F8C1E345-4973-447D-B5BE-4A2D7C25A742}
		{7CF00A6E-E072-42B5-85B2-AD2421934DA6} = {7CF00A6E-E072-42B5-85B2-AD2421934DA6}
		{2D418CC0-D5C5-4456-B30E-D81A7269A5FB} = {2D418CC0-D5C5-4456-B30E-D81A7269A5FB}
		{ED764AC4-F155-4B24-9D59-9D62CFFA96C0} = {ED764AC4-F155-4B24-9D59-9D62CFFA96C0}
		{EF5B14DB-62C0-4FB3-841B-BD51BE079CA6} = {EF5B14DB-62C0-4FB3-841B-BD51BE079CA6}
		{D236CBFE-F605-4EB0-9B8D-98B125F080A4} = {D236CBFE-F605-4EB0-9B8D-98B125F080A4}
	EndProjectSection
EndProject
Project("{2150E333-8FDC-42A3-9474-1A3956D46DE8}") = "ActivityDesignerLibrary", "ActivityDesignerLibrary", "{918DA856-9BA8-4864-9350-A35025B2ED10}"
EndProject
Project("{FAE04EC0-301F-11D3-BF4B-00C04F79EFBC}") = "MouseActivity", "MouseActivity\MouseActivity.csproj", "{4D0C8911-FD98-4439-AF5E-275CABF29590}"
EndProject
Project("{FAE04EC0-301F-11D3-BF4B-00C04F79EFBC}") = "WordPlugins", "WordPlugins\WordPlugins.csproj", "{9FA9E0AD-D67E-4114-9890-5292987E2273}"
EndProject
Project("{FAE04EC0-301F-11D3-BF4B-00C04F79EFBC}") = "KeyboardActivity", "KeyboardActivity\KeyboardActivity.csproj", "{80A1D3C1-4030-4638-8EBC-33F78C70C906}"
EndProject
Project("{FAE04EC0-301F-11D3-BF4B-00C04F79EFBC}") = "Plugins.Shared.Library", "Plugins.Shared.Library\Plugins.Shared.Library.csproj", "{6879C801-1124-477A-97D8-0961E6D710B2}"
EndProject
Project("{FAE04EC0-301F-11D3-BF4B-00C04F79EFBC}") = "FileActivity", "FileActivity\FileActivity.csproj", "{2AEC885D-3A7A-447D-B2A2-8EA44527D451}"
EndProject
Project("{FAE04EC0-301F-11D3-BF4B-00C04F79EFBC}") = "ClipboardActivity", "ClipboardActivity\ClipboardActivity.csproj", "{C9ED96E1-5C5F-4CF1-A4E6-32CD7BD0624A}"
EndProject
Project("{FAE04EC0-301F-11D3-BF4B-00C04F79EFBC}") = "ExcelPlugins", "ExcelPlugins\ExcelPlugins.csproj", "{9274F86F-419A-4196-BA65-6B3221F13796}"
EndProject
Project("{FAE04EC0-301F-11D3-BF4B-00C04F79EFBC}") = "ApplicationActivity", "ApplicationActivity\ApplicationActivity.csproj", "{A5788DF9-2FA5-42A5-B6F0-23FC4D48924B}"
EndProject
Project("{FAE04EC0-301F-11D3-BF4B-00C04F79EFBC}") = "WorkflowUtils", "WorkflowUtils\WorkflowUtils.csproj", "{7CF00A6E-E072-42B5-85B2-AD2421934DA6}"
EndProject
Project("{FAE04EC0-301F-11D3-BF4B-00C04F79EFBC}") = "OrchestratorActivity", "OrchestratorActivity\OrchestratorActivity.csproj", "{D236CBFE-F605-4EB0-9B8D-98B125F080A4}"
EndProject
Project("{FAE04EC0-301F-11D3-BF4B-00C04F79EFBC}") = "EnvironmentActivity", "EnvironmentActivity\EnvironmentActivity.csproj", "{35AC4D25-E390-4EF8-88E9-5F0F86A8912B}"
EndProject
Project("{FAE04EC0-301F-11D3-BF4B-00C04F79EFBC}") = "DialogActivity", "DialogActivity\DialogActivity.csproj", "{22C0DDD5-A661-414F-8AAC-703D1BCD33C1}"
EndProject
Project("{FAE04EC0-301F-11D3-BF4B-00C04F79EFBC}") = "PowerShellActivity", "PowerShellActivity\PowerShellActivity.csproj", "{333DE130-9E57-4B9E-B327-56DD30609DDB}"
EndProject
Project("{FAE04EC0-301F-11D3-BF4B-00C04F79EFBC}") = "ControlActivity", "ControlActivity\ControlActivity.csproj", "{D591D790-1907-4172-8EFA-176C35D7D5A5}"
EndProject
Project("{FAE04EC0-301F-11D3-BF4B-00C04F79EFBC}") = "WindowActivity", "WindowActivity\WindowActivity.csproj", "{7C388101-D26D-44C6-8243-064AD75E706C}"
EndProject
Project("{FAE04EC0-301F-11D3-BF4B-00C04F79EFBC}") = "FindActivity", "FindActivity\FindActivity.csproj", "{34E6E02B-74C3-4E48-926A-0F491216304E}"
EndProject
Project("{FAE04EC0-301F-11D3-BF4B-00C04F79EFBC}") = "EventActivity", "EventActivity\EventActivity.csproj", "{EF5B14DB-62C0-4FB3-841B-BD51BE079CA6}"
EndProject
Project("{FAE04EC0-301F-11D3-BF4B-00C04F79EFBC}") = "AttributeActivity", "AttributeActivity\AttributeActivity.csproj", "{2D418CC0-D5C5-4456-B30E-D81A7269A5FB}"
EndProject
Project("{FAE04EC0-301F-11D3-BF4B-00C04F79EFBC}") = "BrowserActivity", "BrowserActivity\BrowserActivity.csproj", "{ED764AC4-F155-4B24-9D59-9D62CFFA96C0}"
EndProject
Project("{FAE04EC0-301F-11D3-BF4B-00C04F79EFBC}") = "TextActivity", "TextActivity\TextActivity.csproj", "{75205F2D-1AD9-4700-9EAF-4113262C79EE}"
EndProject
Project("{FAE04EC0-301F-11D3-BF4B-00C04F79EFBC}") = "NetWorkActivity", "NetWorkActivity\NetWorkActivity.csproj", "{3031A09F-585C-4B85-876B-049EA5272414}"
EndProject
Project("{FAE04EC0-301F-11D3-BF4B-00C04F79EFBC}") = "ImageOperaActivity", "ImageOperaActivity\ImageOperaActivity.csproj", "{8AE20E43-BB2F-4FD6-A708-46A467845E59}"
EndProject
Project("{FAE04EC0-301F-11D3-BF4B-00C04F79EFBC}") = "RPARobot", "RPARobot\RPARobot.csproj", "{2CA0253E-687C-4B32-A64D-26FDCBB33AB2}"
EndProject
Project("{FAE04EC0-301F-11D3-BF4B-00C04F79EFBC}") = "UserEventActivity", "UserEventActivity\UserEventActivity.csproj", "{F8C1E345-4973-447D-B5BE-4A2D7C25A742}"
EndProject
Project("{FAE04EC0-301F-11D3-BF4B-00C04F79EFBC}") = "MailActivity", "MailActivity\MailActivity.csproj", "{9D48AF76-189F-4E3F-A3EE-DF59D922037B}"
EndProject
Project("{FAE04EC0-301F-11D3-BF4B-00C04F79EFBC}") = "DatabaseActivity", "DatabaseActivity\DatabaseActivity.csproj", "{D4B53554-8B6A-4CF9-B8C1-39C9F5508AE0}"
EndProject
Project("{FAE04EC0-301F-11D3-BF4B-00C04F79EFBC}") = "FTPActivity", "FTPActivity\FTPActivity.csproj", "{DEDB7D39-F824-4EB9-8A65-4C3A2971565B}"
EndProject
Project("{FAE04EC0-301F-11D3-BF4B-00C04F79EFBC}") = "DateTimeActivity", "DateTimeActivity\DateTimeActivity.csproj", "{AEEFED42-A5B5-43BD-8F72-41D91B122ED9}"
EndProject
Project("{FAE04EC0-301F-11D3-BF4B-00C04F79EFBC}") = "DataTableActivity", "DataTableActivity\DataTableActivity.csproj", "{FA30644E-E172-4F78-9C36-0B7632015D9E}"
EndProject
Project("{FAE04EC0-301F-11D3-BF4B-00C04F79EFBC}") = "HttpServerActivity", "HttpServerActivity\HttpServerActivity.csproj", "{F893EF56-86AD-4FA0-9442-F951158BEF72}"
EndProject
Global
	GlobalSection(SolutionConfigurationPlatforms) = preSolution
		Debug|Any CPU = Debug|Any CPU
		Release|Any CPU = Release|Any CPU
	EndGlobalSection
	GlobalSection(ProjectConfigurationPlatforms) = postSolution
		{F0E5495C-95E3-42F3-9553-43E6B492DA90}.Debug|Any CPU.ActiveCfg = Debug|Any CPU
		{F0E5495C-95E3-42F3-9553-43E6B492DA90}.Debug|Any CPU.Build.0 = Debug|Any CPU
		{F0E5495C-95E3-42F3-9553-43E6B492DA90}.Release|Any CPU.ActiveCfg = Release|Any CPU
		{F0E5495C-95E3-42F3-9553-43E6B492DA90}.Release|Any CPU.Build.0 = Release|Any CPU
		{4D0C8911-FD98-4439-AF5E-275CABF29590}.Debug|Any CPU.ActiveCfg = Debug|Any CPU
		{4D0C8911-FD98-4439-AF5E-275CABF29590}.Debug|Any CPU.Build.0 = Debug|Any CPU
		{4D0C8911-FD98-4439-AF5E-275CABF29590}.Release|Any CPU.ActiveCfg = Release|Any CPU
		{4D0C8911-FD98-4439-AF5E-275CABF29590}.Release|Any CPU.Build.0 = Release|Any CPU
		{9FA9E0AD-D67E-4114-9890-5292987E2273}.Debug|Any CPU.ActiveCfg = Debug|Any CPU
		{9FA9E0AD-D67E-4114-9890-5292987E2273}.Debug|Any CPU.Build.0 = Debug|Any CPU
		{9FA9E0AD-D67E-4114-9890-5292987E2273}.Release|Any CPU.ActiveCfg = Release|Any CPU
		{9FA9E0AD-D67E-4114-9890-5292987E2273}.Release|Any CPU.Build.0 = Release|Any CPU
		{80A1D3C1-4030-4638-8EBC-33F78C70C906}.Debug|Any CPU.ActiveCfg = Debug|Any CPU
		{80A1D3C1-4030-4638-8EBC-33F78C70C906}.Debug|Any CPU.Build.0 = Debug|Any CPU
		{80A1D3C1-4030-4638-8EBC-33F78C70C906}.Release|Any CPU.ActiveCfg = Release|Any CPU
		{80A1D3C1-4030-4638-8EBC-33F78C70C906}.Release|Any CPU.Build.0 = Release|Any CPU
		{6879C801-1124-477A-97D8-0961E6D710B2}.Debug|Any CPU.ActiveCfg = Debug|Any CPU
		{6879C801-1124-477A-97D8-0961E6D710B2}.Debug|Any CPU.Build.0 = Debug|Any CPU
		{6879C801-1124-477A-97D8-0961E6D710B2}.Release|Any CPU.ActiveCfg = Release|Any CPU
		{6879C801-1124-477A-97D8-0961E6D710B2}.Release|Any CPU.Build.0 = Release|Any CPU
		{2AEC885D-3A7A-447D-B2A2-8EA44527D451}.Debug|Any CPU.ActiveCfg = Debug|Any CPU
		{2AEC885D-3A7A-447D-B2A2-8EA44527D451}.Debug|Any CPU.Build.0 = Debug|Any CPU
		{2AEC885D-3A7A-447D-B2A2-8EA44527D451}.Release|Any CPU.ActiveCfg = Release|Any CPU
		{2AEC885D-3A7A-447D-B2A2-8EA44527D451}.Release|Any CPU.Build.0 = Release|Any CPU
		{C9ED96E1-5C5F-4CF1-A4E6-32CD7BD0624A}.Debug|Any CPU.ActiveCfg = Debug|Any CPU
		{C9ED96E1-5C5F-4CF1-A4E6-32CD7BD0624A}.Debug|Any CPU.Build.0 = Debug|Any CPU
		{C9ED96E1-5C5F-4CF1-A4E6-32CD7BD0624A}.Release|Any CPU.ActiveCfg = Release|Any CPU
		{C9ED96E1-5C5F-4CF1-A4E6-32CD7BD0624A}.Release|Any CPU.Build.0 = Release|Any CPU
		{9274F86F-419A-4196-BA65-6B3221F13796}.Debug|Any CPU.ActiveCfg = Debug|Any CPU
		{9274F86F-419A-4196-BA65-6B3221F13796}.Debug|Any CPU.Build.0 = Debug|Any CPU
		{9274F86F-419A-4196-BA65-6B3221F13796}.Release|Any CPU.ActiveCfg = Release|Any CPU
		{9274F86F-419A-4196-BA65-6B3221F13796}.Release|Any CPU.Build.0 = Release|Any CPU
		{A5788DF9-2FA5-42A5-B6F0-23FC4D48924B}.Debug|Any CPU.ActiveCfg = Debug|Any CPU
		{A5788DF9-2FA5-42A5-B6F0-23FC4D48924B}.Debug|Any CPU.Build.0 = Debug|Any CPU
		{A5788DF9-2FA5-42A5-B6F0-23FC4D48924B}.Release|Any CPU.ActiveCfg = Release|Any CPU
		{A5788DF9-2FA5-42A5-B6F0-23FC4D48924B}.Release|Any CPU.Build.0 = Release|Any CPU
		{7CF00A6E-E072-42B5-85B2-AD2421934DA6}.Debug|Any CPU.ActiveCfg = Debug|Any CPU
		{7CF00A6E-E072-42B5-85B2-AD2421934DA6}.Debug|Any CPU.Build.0 = Debug|Any CPU
		{7CF00A6E-E072-42B5-85B2-AD2421934DA6}.Release|Any CPU.ActiveCfg = Release|Any CPU
		{7CF00A6E-E072-42B5-85B2-AD2421934DA6}.Release|Any CPU.Build.0 = Release|Any CPU
		{D236CBFE-F605-4EB0-9B8D-98B125F080A4}.Debug|Any CPU.ActiveCfg = Debug|Any CPU
		{D236CBFE-F605-4EB0-9B8D-98B125F080A4}.Debug|Any CPU.Build.0 = Debug|Any CPU
		{D236CBFE-F605-4EB0-9B8D-98B125F080A4}.Release|Any CPU.ActiveCfg = Release|Any CPU
		{D236CBFE-F605-4EB0-9B8D-98B125F080A4}.Release|Any CPU.Build.0 = Release|Any CPU
		{35AC4D25-E390-4EF8-88E9-5F0F86A8912B}.Debug|Any CPU.ActiveCfg = Debug|Any CPU
		{35AC4D25-E390-4EF8-88E9-5F0F86A8912B}.Debug|Any CPU.Build.0 = Debug|Any CPU
		{35AC4D25-E390-4EF8-88E9-5F0F86A8912B}.Release|Any CPU.ActiveCfg = Release|Any CPU
		{35AC4D25-E390-4EF8-88E9-5F0F86A8912B}.Release|Any CPU.Build.0 = Release|Any CPU
		{22C0DDD5-A661-414F-8AAC-703D1BCD33C1}.Debug|Any CPU.ActiveCfg = Debug|Any CPU
		{22C0DDD5-A661-414F-8AAC-703D1BCD33C1}.Debug|Any CPU.Build.0 = Debug|Any CPU
		{22C0DDD5-A661-414F-8AAC-703D1BCD33C1}.Release|Any CPU.ActiveCfg = Release|Any CPU
		{22C0DDD5-A661-414F-8AAC-703D1BCD33C1}.Release|Any CPU.Build.0 = Release|Any CPU
		{333DE130-9E57-4B9E-B327-56DD30609DDB}.Debug|Any CPU.ActiveCfg = Debug|Any CPU
		{333DE130-9E57-4B9E-B327-56DD30609DDB}.Debug|Any CPU.Build.0 = Debug|Any CPU
		{333DE130-9E57-4B9E-B327-56DD30609DDB}.Release|Any CPU.ActiveCfg = Release|Any CPU
		{333DE130-9E57-4B9E-B327-56DD30609DDB}.Release|Any CPU.Build.0 = Release|Any CPU
		{D591D790-1907-4172-8EFA-176C35D7D5A5}.Debug|Any CPU.ActiveCfg = Debug|Any CPU
		{D591D790-1907-4172-8EFA-176C35D7D5A5}.Debug|Any CPU.Build.0 = Debug|Any CPU
		{D591D790-1907-4172-8EFA-176C35D7D5A5}.Release|Any CPU.ActiveCfg = Release|Any CPU
		{D591D790-1907-4172-8EFA-176C35D7D5A5}.Release|Any CPU.Build.0 = Release|Any CPU
		{7C388101-D26D-44C6-8243-064AD75E706C}.Debug|Any CPU.ActiveCfg = Debug|Any CPU
		{7C388101-D26D-44C6-8243-064AD75E706C}.Debug|Any CPU.Build.0 = Debug|Any CPU
		{7C388101-D26D-44C6-8243-064AD75E706C}.Release|Any CPU.ActiveCfg = Release|Any CPU
		{7C388101-D26D-44C6-8243-064AD75E706C}.Release|Any CPU.Build.0 = Release|Any CPU
		{34E6E02B-74C3-4E48-926A-0F491216304E}.Debug|Any CPU.ActiveCfg = Debug|Any CPU
		{34E6E02B-74C3-4E48-926A-0F491216304E}.Debug|Any CPU.Build.0 = Debug|Any CPU
		{34E6E02B-74C3-4E48-926A-0F491216304E}.Release|Any CPU.ActiveCfg = Release|Any CPU
		{34E6E02B-74C3-4E48-926A-0F491216304E}.Release|Any CPU.Build.0 = Release|Any CPU
		{EF5B14DB-62C0-4FB3-841B-BD51BE079CA6}.Debug|Any CPU.ActiveCfg = Debug|Any CPU
		{EF5B14DB-62C0-4FB3-841B-BD51BE079CA6}.Debug|Any CPU.Build.0 = Debug|Any CPU
		{EF5B14DB-62C0-4FB3-841B-BD51BE079CA6}.Release|Any CPU.ActiveCfg = Release|Any CPU
		{EF5B14DB-62C0-4FB3-841B-BD51BE079CA6}.Release|Any CPU.Build.0 = Release|Any CPU
		{2D418CC0-D5C5-4456-B30E-D81A7269A5FB}.Debug|Any CPU.ActiveCfg = Debug|Any CPU
		{2D418CC0-D5C5-4456-B30E-D81A7269A5FB}.Debug|Any CPU.Build.0 = Debug|Any CPU
		{2D418CC0-D5C5-4456-B30E-D81A7269A5FB}.Release|Any CPU.ActiveCfg = Release|Any CPU
		{2D418CC0-D5C5-4456-B30E-D81A7269A5FB}.Release|Any CPU.Build.0 = Release|Any CPU
		{ED764AC4-F155-4B24-9D59-9D62CFFA96C0}.Debug|Any CPU.ActiveCfg = Debug|Any CPU
		{ED764AC4-F155-4B24-9D59-9D62CFFA96C0}.Debug|Any CPU.Build.0 = Debug|Any CPU
		{ED764AC4-F155-4B24-9D59-9D62CFFA96C0}.Release|Any CPU.ActiveCfg = Release|Any CPU
		{ED764AC4-F155-4B24-9D59-9D62CFFA96C0}.Release|Any CPU.Build.0 = Release|Any CPU
		{75205F2D-1AD9-4700-9EAF-4113262C79EE}.Debug|Any CPU.ActiveCfg = Debug|Any CPU
		{75205F2D-1AD9-4700-9EAF-4113262C79EE}.Debug|Any CPU.Build.0 = Debug|Any CPU
		{75205F2D-1AD9-4700-9EAF-4113262C79EE}.Release|Any CPU.ActiveCfg = Release|Any CPU
		{75205F2D-1AD9-4700-9EAF-4113262C79EE}.Release|Any CPU.Build.0 = Release|Any CPU
		{3031A09F-585C-4B85-876B-049EA5272414}.Debug|Any CPU.ActiveCfg = Debug|Any CPU
		{3031A09F-585C-4B85-876B-049EA5272414}.Debug|Any CPU.Build.0 = Debug|Any CPU
		{3031A09F-585C-4B85-876B-049EA5272414}.Release|Any CPU.ActiveCfg = Release|Any CPU
		{3031A09F-585C-4B85-876B-049EA5272414}.Release|Any CPU.Build.0 = Release|Any CPU
		{8AE20E43-BB2F-4FD6-A708-46A467845E59}.Debug|Any CPU.ActiveCfg = Debug|Any CPU
		{8AE20E43-BB2F-4FD6-A708-46A467845E59}.Debug|Any CPU.Build.0 = Debug|Any CPU
		{8AE20E43-BB2F-4FD6-A708-46A467845E59}.Release|Any CPU.ActiveCfg = Release|Any CPU
		{8AE20E43-BB2F-4FD6-A708-46A467845E59}.Release|Any CPU.Build.0 = Release|Any CPU
		{2CA0253E-687C-4B32-A64D-26FDCBB33AB2}.Debug|Any CPU.ActiveCfg = Debug|Any CPU
		{2CA0253E-687C-4B32-A64D-26FDCBB33AB2}.Debug|Any CPU.Build.0 = Debug|Any CPU
		{2CA0253E-687C-4B32-A64D-26FDCBB33AB2}.Release|Any CPU.ActiveCfg = Release|Any CPU
		{2CA0253E-687C-4B32-A64D-26FDCBB33AB2}.Release|Any CPU.Build.0 = Release|Any CPU
		{F8C1E345-4973-447D-B5BE-4A2D7C25A742}.Debug|Any CPU.ActiveCfg = Debug|Any CPU
		{F8C1E345-4973-447D-B5BE-4A2D7C25A742}.Debug|Any CPU.Build.0 = Debug|Any CPU
		{F8C1E345-4973-447D-B5BE-4A2D7C25A742}.Release|Any CPU.ActiveCfg = Release|Any CPU
		{F8C1E345-4973-447D-B5BE-4A2D7C25A742}.Release|Any CPU.Build.0 = Release|Any CPU
		{9D48AF76-189F-4E3F-A3EE-DF59D922037B}.Debug|Any CPU.ActiveCfg = Debug|Any CPU
		{9D48AF76-189F-4E3F-A3EE-DF59D922037B}.Debug|Any CPU.Build.0 = Debug|Any CPU
		{9D48AF76-189F-4E3F-A3EE-DF59D922037B}.Release|Any CPU.ActiveCfg = Release|Any CPU
		{9D48AF76-189F-4E3F-A3EE-DF59D922037B}.Release|Any CPU.Build.0 = Release|Any CPU
		{D4B53554-8B6A-4CF9-B8C1-39C9F5508AE0}.Debug|Any CPU.ActiveCfg = Debug|Any CPU
		{D4B53554-8B6A-4CF9-B8C1-39C9F5508AE0}.Debug|Any CPU.Build.0 = Debug|Any CPU
		{D4B53554-8B6A-4CF9-B8C1-39C9F5508AE0}.Release|Any CPU.ActiveCfg = Release|Any CPU
		{D4B53554-8B6A-4CF9-B8C1-39C9F5508AE0}.Release|Any CPU.Build.0 = Release|Any CPU
		{DEDB7D39-F824-4EB9-8A65-4C3A2971565B}.Debug|Any CPU.ActiveCfg = Debug|Any CPU
		{DEDB7D39-F824-4EB9-8A65-4C3A2971565B}.Debug|Any CPU.Build.0 = Debug|Any CPU
		{DEDB7D39-F824-4EB9-8A65-4C3A2971565B}.Release|Any CPU.ActiveCfg = Release|Any CPU
		{DEDB7D39-F824-4EB9-8A65-4C3A2971565B}.Release|Any CPU.Build.0 = Release|Any CPU
		{AEEFED42-A5B5-43BD-8F72-41D91B122ED9}.Debug|Any CPU.ActiveCfg = Debug|Any CPU
		{AEEFED42-A5B5-43BD-8F72-41D91B122ED9}.Debug|Any CPU.Build.0 = Debug|Any CPU
		{AEEFED42-A5B5-43BD-8F72-41D91B122ED9}.Release|Any CPU.ActiveCfg = Release|Any CPU
		{AEEFED42-A5B5-43BD-8F72-41D91B122ED9}.Release|Any CPU.Build.0 = Release|Any CPU
		{FA30644E-E172-4F78-9C36-0B7632015D9E}.Debug|Any CPU.ActiveCfg = Debug|Any CPU
		{FA30644E-E172-4F78-9C36-0B7632015D9E}.Debug|Any CPU.Build.0 = Debug|Any CPU
		{FA30644E-E172-4F78-9C36-0B7632015D9E}.Release|Any CPU.ActiveCfg = Release|Any CPU
		{FA30644E-E172-4F78-9C36-0B7632015D9E}.Release|Any CPU.Build.0 = Release|Any CPU
		{F893EF56-86AD-4FA0-9442-F951158BEF72}.Debug|Any CPU.ActiveCfg = Debug|Any CPU
		{F893EF56-86AD-4FA0-9442-F951158BEF72}.Debug|Any CPU.Build.0 = Debug|Any CPU
		{F893EF56-86AD-4FA0-9442-F951158BEF72}.Release|Any CPU.ActiveCfg = Release|Any CPU
		{F893EF56-86AD-4FA0-9442-F951158BEF72}.Release|Any CPU.Build.0 = Release|Any CPU
	EndGlobalSection
	GlobalSection(SolutionProperties) = preSolution
		HideSolutionNode = FALSE
	EndGlobalSection
	GlobalSection(NestedProjects) = preSolution
		{4D0C8911-FD98-4439-AF5E-275CABF29590} = {918DA856-9BA8-4864-9350-A35025B2ED10}
		{9FA9E0AD-D67E-4114-9890-5292987E2273} = {918DA856-9BA8-4864-9350-A35025B2ED10}
		{80A1D3C1-4030-4638-8EBC-33F78C70C906} = {918DA856-9BA8-4864-9350-A35025B2ED10}
		{6879C801-1124-477A-97D8-0961E6D710B2} = {918DA856-9BA8-4864-9350-A35025B2ED10}
		{2AEC885D-3A7A-447D-B2A2-8EA44527D451} = {918DA856-9BA8-4864-9350-A35025B2ED10}
		{C9ED96E1-5C5F-4CF1-A4E6-32CD7BD0624A} = {918DA856-9BA8-4864-9350-A35025B2ED10}
		{9274F86F-419A-4196-BA65-6B3221F13796} = {918DA856-9BA8-4864-9350-A35025B2ED10}
		{A5788DF9-2FA5-42A5-B6F0-23FC4D48924B} = {918DA856-9BA8-4864-9350-A35025B2ED10}
		{7CF00A6E-E072-42B5-85B2-AD2421934DA6} = {918DA856-9BA8-4864-9350-A35025B2ED10}
		{D236CBFE-F605-4EB0-9B8D-98B125F080A4} = {918DA856-9BA8-4864-9350-A35025B2ED10}
		{35AC4D25-E390-4EF8-88E9-5F0F86A8912B} = {918DA856-9BA8-4864-9350-A35025B2ED10}
		{22C0DDD5-A661-414F-8AAC-703D1BCD33C1} = {918DA856-9BA8-4864-9350-A35025B2ED10}
		{333DE130-9E57-4B9E-B327-56DD30609DDB} = {918DA856-9BA8-4864-9350-A35025B2ED10}
		{D591D790-1907-4172-8EFA-176C35D7D5A5} = {918DA856-9BA8-4864-9350-A35025B2ED10}
		{7C388101-D26D-44C6-8243-064AD75E706C} = {918DA856-9BA8-4864-9350-A35025B2ED10}
		{34E6E02B-74C3-4E48-926A-0F491216304E} = {918DA856-9BA8-4864-9350-A35025B2ED10}
		{EF5B14DB-62C0-4FB3-841B-BD51BE079CA6} = {918DA856-9BA8-4864-9350-A35025B2ED10}
		{2D418CC0-D5C5-4456-B30E-D81A7269A5FB} = {918DA856-9BA8-4864-9350-A35025B2ED10}
		{ED764AC4-F155-4B24-9D59-9D62CFFA96C0} = {918DA856-9BA8-4864-9350-A35025B2ED10}
		{75205F2D-1AD9-4700-9EAF-4113262C79EE} = {918DA856-9BA8-4864-9350-A35025B2ED10}
		{3031A09F-585C-4B85-876B-049EA5272414} = {918DA856-9BA8-4864-9350-A35025B2ED10}
		{8AE20E43-BB2F-4FD6-A708-46A467845E59} = {918DA856-9BA8-4864-9350-A35025B2ED10}
		{F8C1E345-4973-447D-B5BE-4A2D7C25A742} = {918DA856-9BA8-4864-9350-A35025B2ED10}
		{9D48AF76-189F-4E3F-A3EE-DF59D922037B} = {918DA856-9BA8-4864-9350-A35025B2ED10}
		{D4B53554-8B6A-4CF9-B8C1-39C9F5508AE0} = {918DA856-9BA8-4864-9350-A35025B2ED10}
		{DEDB7D39-F824-4EB9-8A65-4C3A2971565B} = {918DA856-9BA8-4864-9350-A35025B2ED10}
		{AEEFED42-A5B5-43BD-8F72-41D91B122ED9} = {918DA856-9BA8-4864-9350-A35025B2ED10}
		{FA30644E-E172-4F78-9C36-0B7632015D9E} = {918DA856-9BA8-4864-9350-A35025B2ED10}
		{F893EF56-86AD-4FA0-9442-F951158BEF72} = {918DA856-9BA8-4864-9350-A35025B2ED10}
	EndGlobalSection
EndGlobal
